
Microsoft Visual Studio Solution File, Format Version 12.00
# Visual Studio Version 17
VisualStudioVersion = 17.4.33103.184
MinimumVisualStudioVersion = 10.0.40219.1
Project("{FAE04EC0-301F-11D3-BF4B-00C04F79EFBC}") = "MouseKeyboardListener", "MouseKeyboardListener\MouseKeyboardListener.csproj", "{1DC3471B-4EA5-45F9-824B-7AB019C1C5CA}"
EndProject
Project("{FAE04EC0-301F-11D3-BF4B-00C04F79EFBC}") = "TestApp", "TestApp\TestApp.csproj", "{2218BB92-BB8E-42BD-BCDB-B00040C7041A}"
EndProject
Global
	GlobalSection(SolutionConfigurationPlatforms) = preSolution
		Debug|Any CPU = Debug|Any CPU
		Release|Any CPU = Release|Any CPU
	EndGlobalSection
	GlobalSection(ProjectConfigurationPlatforms) = postSolution
		{1DC3471B-4EA5-45F9-824B-7AB019C1C5CA}.Debug|Any CPU.ActiveCfg = Debug|Any CPU
		{1DC3471B-4EA5-45F9-824B-7AB019C1C5CA}.Debug|Any CPU.Build.0 = Debug|Any CPU
		{1DC3471B-4EA5-45F9-824B-7AB019C1C5CA}.Release|Any CPU.ActiveCfg = Release|Any CPU
		{1DC3471B-4EA5-45F9-824B-7AB019C1C5CA}.Release|Any CPU.Build.0 = Release|Any CPU
		{2218BB92-BB8E-42BD-BCDB-B00040C7041A}.Debug|Any CPU.ActiveCfg = Debug|Any CPU
		{2218BB92-BB8E-42BD-BCDB-B00040C7041A}.Debug|Any CPU.Build.0 = Debug|Any CPU
		{2218BB92-BB8E-42BD-BCDB-B00040C7041A}.Release|Any CPU.ActiveCfg = Release|Any CPU
		{2218BB92-BB8E-42BD-BCDB-B00040C7041A}.Release|Any CPU.Build.0 = Release|Any CPU
	EndGlobalSection
	GlobalSection(SolutionProperties) = preSolution
		HideSolutionNode = FALSE
	EndGlobalSection
	GlobalSection(ExtensibilityGlobals) = postSolution
		SolutionGuid = {7367A2CA-3DA5-49B7-B0BE-BB49BB4115D9}
	EndGlobalSection
EndGlobal
